<?xml version="1.0" encoding="UTF-8" standalone="yes" ?>
<CodeBlocks_project_file>
	<FileVersion major="1" minor="6" />
	<Project>
		<Option title="MP3Streamer" />
		<Option pch_mode="2" />
		<Option compiler="gcc" />
		<Build>
			<Target title="Windows Release">
				<Option output="../../lib/monitor/MP3Streamer.dll" prefix_auto="0" extension_auto="0" />
				<Option object_output="obj/release3" />
				<Option type="3" />
				<Option compiler="gcc" />
				<Compiler>
					<Add option="-Wall" />
					<Add option="-g" />
					<Add option="-DWIN32" />
					<Add option="-D_USRDLL" />
					<Add option="-DDLL_EXPORTS" />
					<Add option="-D__WXMSW__" />
					<Add option="-DWXUSINGDLL" />
					<Add option="-DUNICODE" />
					<Add option="-DwxUSE_UNICODE" />
					<Add directory="$(#wx.include)" />
					<Add directory="$(#wx.include)/mswu" />
					<Add directory="$(#portaudio.include)" />
					<Add directory="$(#lame.INCLUDE)" />
					<Add directory="$(#live_basicusage.INCLUDE)" />
					<Add directory="$(#live_group.INCLUDE)" />
					<Add directory="$(#live_media.INCLUDE)" />
					<Add directory="$(#live_usage.INCLUDE)" />
				</Compiler>
				<ResourceCompiler>
					<Add directory="$(#wx.include)/mswu" />
				</ResourceCompiler>
				<Linker>
					<Add option="-Wl,--enable-auto-import,-Map=MP3Streamer.map" />
					<Add library="wxmsw30u_gcc_custom" />
					<Add library="pambase" />
					<Add library="libmp3lame.a" />
					<Add library="liblivemedia.a" />
					<Add library="libBasicUsageEnvironment.a" />
					<Add library="libUsageEnvironment.a" />
					<Add library="libgroupsock.a" />
					<Add library="Ws2_32" />
					<Add library="pml_log" />
					<Add directory="$(#wx.lib)" />
					<Add directory="$(#lame.LIB)" />
					<Add directory="$(#live_basicusage.LIB)" />
					<Add directory="$(#live_group.LIB)" />
					<Add directory="$(#live_media.LIB)" />
					<Add directory="$(#live_usage.LIB)" />
				</Linker>
				<ExtraCommands>
					<Add after="C:\developer\matt\pam2\manifest_creator\bin\Release\manifest_creator.exe" />
				</ExtraCommands>
			</Target>
			<Target title="Windows Debug">
				<Option output="../../lib/monitor/debug/MP3Streamer.dll" prefix_auto="1" extension_auto="0" />
				<Option object_output="obj/debug" />
				<Option type="3" />
				<Option compiler="gcc" />
				<Compiler>
					<Add option="-Wall" />
					<Add option="-g" />
					<Add option="-DWIN32" />
					<Add option="-D_USRDLL" />
					<Add option="-DDLL_EXPORTS" />
					<Add option="-D__WXMSW__" />
					<Add option="-DWXUSINGDLL" />
					<Add option="-DUNICODE" />
					<Add option="-DwxUSE_UNICODE" />
					<Add option="-D__WXDEBUG__" />
					<Add directory="$(#wx.include)" />
					<Add directory="$(#wx.include)/mswu" />
					<Add directory="$(#portaudio.include)" />
					<Add directory="$(#lame.INCLUDE)" />
					<Add directory="$(#live_basicusage.INCLUDE)" />
					<Add directory="$(#live_group.INCLUDE)" />
					<Add directory="$(#live_media.INCLUDE)" />
					<Add directory="$(#live_usage.INCLUDE)" />
				</Compiler>
				<ResourceCompiler>
					<Add directory="$(#wx.include)/mswu" />
				</ResourceCompiler>
				<Linker>
					<Add option="-Wl,--enable-auto-import,-Map=MP3Streamer.map" />
					<Add library="wxmsw30ud_gcc_custom" />
					<Add library="pambased" />
					<Add library="liblivemediad.a" />
					<Add library="libBasicUsageEnvironmentd.a" />
					<Add library="libUsageEnvironmentd.a" />
					<Add library="libgroupsockd.a" />
					<Add library="Ws2_32" />
					<Add library="libmp3lame.a" />
					<Add directory="$(#wx.lib)" />
					<Add directory="$(#lame.LIB)" />
					<Add directory="$(#live_basicusage.LIB)" />
					<Add directory="$(#live_group.LIB)" />
					<Add directory="$(#live_media.LIB)" />
					<Add directory="$(#live_usage.LIB)" />
				</Linker>
			</Target>
			<Target title="Linux Release">
				<Option platforms="Unix;" />
				<Option output="../../lib/monitor/libMP3Streamer.so" imp_lib="$(TARGET_OUTPUT_DIR)$(TARGET_OUTPUT_BASENAME).a" def_file="$(TARGET_OUTPUT_DIR)$(TARGET_OUTPUT_BASENAME).def" prefix_auto="0" extension_auto="0" />
				<Option object_output="obj/linux" />
				<Option type="3" />
				<Option compiler="gcc" />
				<Compiler>
					<Add option="-Wall" />
					<Add option="-g" />
					<Add option="`wx-config --cxxflags`" />
					<Add option="-fpermissive" />
					<Add option="-D_USRDLL" />
					<Add option="-DDLL_EXPORTS" />
					<Add option="-D__WXGNU__" />
					<Add option="-DWXUSINGDLL" />
					<Add option="-DUNICODE" />
					<Add option="-DwxUSE_UNICODE" />
					<Add option="-DNDEBUG" />
					<Add directory="$(#wx.include)" />
					<Add directory="$(#wx.include)/mswu" />
					<Add directory="$(#portaudio.include)" />
					<Add directory="$(#lame.INCLUDE)" />
					<Add directory="$(#live_basicusage.INCLUDE)" />
					<Add directory="$(#live_group.INCLUDE)" />
					<Add directory="$(#live_media.INCLUDE)" />
					<Add directory="$(#live_usage.INCLUDE)" />
				</Compiler>
				<ResourceCompiler>
					<Add directory="$(#wx.include)/mswu" />
				</ResourceCompiler>
				<Linker>
					<Add option="`wx-config --libs`" />
					<Add library="pambase" />
					<Add library="libmp3lame.a" />
					<Add library="liblivemedia.a" />
					<Add library="libBasicUsageEnvironment.a" />
					<Add library="libUsageEnvironment.a" />
					<Add library="libgroupsock.a" />
					<Add library="pml_log" />
					<Add directory="$(#wx.lib)" />
					<Add directory="$(#lame.LIB)" />
					<Add directory="$(#live_basicusage.LIB)" />
					<Add directory="$(#live_group.LIB)" />
					<Add directory="$(#live_media.LIB)" />
					<Add directory="$(#live_usage.LIB)" />
				</Linker>
				<ExtraCommands>
					<Add after="C:\developer\matt\pam2\manifest_creator\bin\Release\manifest_creator.exe" />
				</ExtraCommands>
			</Target>
			<Target title="Linux Debug">
				<Option platforms="Unix;" />
				<Option output="../../lib/monitor/debug/libMP3Streamer.so" imp_lib="$(TARGET_OUTPUT_DIR)$(TARGET_OUTPUT_BASENAME).a" def_file="$(TARGET_OUTPUT_DIR)$(TARGET_OUTPUT_BASENAME).def" prefix_auto="0" extension_auto="0" />
				<Option object_output="obj/linux/debug" />
				<Option type="3" />
				<Option compiler="gcc" />
				<Compiler>
					<Add option="-fPIC" />
					<Add option="-g" />
					<Add option="`wx-config --cxxflags`" />
					<Add option="-fpermissive" />
					<Add option="-DDLL_EXPORTS" />
					<Add option="-DwxUSE_UNICODE" />
					<Add option="-D__WXGNU__" />
					<Add option="-DPAMBASE_DEBUG" />
					<Add option="-D__WXDEBUG__" />
					<Add directory="$(#live_basicusage.INCLUDE)" />
					<Add directory="$(#live_group.INCLUDE)" />
					<Add directory="$(#live_media.INCLUDE)" />
					<Add directory="$(#live_usage.INCLUDE)" />
				</Compiler>
				<Linker>
					<Add option="`wx-config --libs`" />
					<Add library="pambased" />
					<Add library="mp3lame" />
					<Add library="liveMedia" />
					<Add library="BasicUsageEnvironment" />
					<Add library="UsageEnvironment" />
					<Add library="groupsock" />
					<Add library="pml_logd" />
					<Add directory="$(#live_basicusage.LIB)" />
					<Add directory="$(#live_group.LIB)" />
					<Add directory="$(#live_media.LIB)" />
					<Add directory="$(#live_usage.LIB)" />
				</Linker>
			</Target>
		</Build>
		<Compiler>
			<Add option="-std=c++14" />
			<Add option="-D_monitor_" />
			<Add option="-DNO_OPENSSL" />
			<Add directory="../../pambase" />
			<Add directory="../../external/live/liveMedia/include" />
			<Add directory="../../external/log/include" />
		</Compiler>
		<Linker>
			<Add directory="../../lib" />
		</Linker>
		<Unit filename="MP3Streamerbuilder.cpp" />
		<Unit filename="MP3Streamerbuilder.h" />
		<Unit filename="MP3Streamerpanel.cpp" />
		<Unit filename="MP3Streamerpanel.h" />
		<Unit filename="MP3Streamerregister.cpp" />
		<Unit filename="MP3Streamerregister.h" />
		<Unit filename="mp3encoder.cpp" />
		<Unit filename="mp3encoder.h" />
		<Unit filename="mp3livesource.cpp" />
		<Unit filename="mp3livesource.h" />
		<Unit filename="ondemandmp3servermediasubsession.cpp" />
		<Unit filename="ondemandmp3servermediasubsession.h" />
		<Unit filename="testMP3Streamer.cpp" />
		<Unit filename="testMP3Streamer.h" />
		<Extensions>
			<code_completion />
			<envvars />
			<debugger />
			<AutoVersioning>
				<Scheme minor_max="10" build_max="0" rev_max="0" rev_rand_max="10" build_times_to_increment_minor="100" />
				<Settings autoincrement="0" date_declarations="1" use_define="0" update_manifest="0" do_auto_increment="1" ask_to_increment="0" language="C++" svn="0" svn_directory="" header_path="version.h" />
				<Changes_Log show_changes_editor="1" app_title="released version %M.%m.%b of %p" changeslog_path="ChangesLog.txt" />
				<Code header_guard="VERSION_H" namespace="AutoVersion" prefix="" />
			</AutoVersioning>
			<wxsmith version="1">
				<resources>
					<wxPanel wxs="wxsmith/MP3Streamerpanel.wxs" src="MP3Streamerpanel.cpp" hdr="MP3Streamerpanel.h" fwddecl="0" i18n="1" name="MP3StreamerPanel" language="CPP" />
				</resources>
			</wxsmith>
		</Extensions>
	</Project>
</CodeBlocks_project_file>
