<?xml version="1.0" encoding="UTF-8" standalone="yes" ?>
<CodeBlocks_project_file>
	<FileVersion major="1" minor="6" />
	<Project>
		<Option title="pam2" />
		<Option pch_mode="2" />
		<Option compiler="gcc" />
		<Build>
			<Target title="Windows Debug">
				<Option output="bin/Debug/pam2" prefix_auto="1" extension_auto="1" />
				<Option object_output="obj/Debug/" />
				<Option type="0" />
				<Option compiler="gcc" />
				<Option projectLinkerOptionsRelation="2" />
				<Compiler>
					<Add option="-Wall" />
					<Add option="-std=c++0x" />
					<Add option="-g" />
					<Add option="-pipe" />
					<Add option="-mthreads" />
					<Add option='[[if (PLATFORM == PLATFORM_MSW &amp;&amp; (GetCompilerFactory().GetCompilerVersionString(_T(&quot;gcc&quot;)) &gt;= _T(&quot;4.0.0&quot;))) print(_T(&quot;-Wno-attributes&quot;));]]' />
					<Add option="-fexceptions" />
					<Add option="-DWIN32" />
					<Add option="-D__WXMSW__" />
					<Add option="-DWXUSINGDLL" />
					<Add option="-DUNICODE" />
					<Add option="-DwxUSE_UNICODE" />
					<Add option="-D__WXDEBUG__" />
					<Add option="-DPAMBASE_DEBUG" />
					<Add option="-D__WINDOWS__" />
					<Add option="-D__GNUWIN32__" />
					<Add option="-D_MSL_STDINT_H" />
					<Add directory="$(#wx3_0.include)" />
					<Add directory="$(#wx3_0.include)/mswu" />
					<Add directory="$(#portaudio.include)" />
					<Add directory="$(#curl.include)" />
					<Add directory="$(#nmos.INCLUDE)" />
					<Add directory="$(#json.INCLUDE)" />
				</Compiler>
				<ResourceCompiler>
					<Add directory="$(#wx3_0.include)/mswu" />
				</ResourceCompiler>
				<Linker>
					<Add option="-Wl,--enable-auto-import,-Map=pam2d.map" />
					<Add library="wxmsw30ud_gcc_custom" />
					<Add library="pambased" />
					<Add library="portaudio" />
					<Add library="libcurl" />
					<Add library="Ws2_32" />
					<Add library="iphlpapi" />
					<Add directory="$(#wx3_0.lib)" />
					<Add directory="$(#portaudio.lib)" />
					<Add directory="$(#curl.lib)" />
					<Add directory="$(#nmos.LIB)" />
				</Linker>
			</Target>
			<Target title="Windows Release">
				<Option output="bin/Release/pam2" prefix_auto="1" extension_auto="1" />
				<Option object_output="obj/Release/" />
				<Option type="0" />
				<Option compiler="gcc" />
				<Option projectLinkerOptionsRelation="2" />
				<Compiler>
					<Add option="-O3" />
					<Add option="-Wall" />
					<Add option="-std=c++0x" />
					<Add option="-pipe" />
					<Add option="-mthreads" />
					<Add option='[[if (PLATFORM == PLATFORM_MSW &amp;&amp; (GetCompilerFactory().GetCompilerVersionString(_T(&quot;gcc&quot;)) &gt;= _T(&quot;4.0.0&quot;))) print(_T(&quot;-Wno-attributes&quot;));]]' />
					<Add option="-DWIN32" />
					<Add option="-D__WXMSW__" />
					<Add option="-DWXUSINGDLL" />
					<Add option="-DUNICODE" />
					<Add option="-D__WINDOWS__" />
					<Add option="-DwxUSE_UNICODE" />
					<Add option="-D__GNUWIN32__" />
					<Add directory="$(#wx3_0.include)" />
					<Add directory="$(#wx3_0.include)/mswu" />
					<Add directory="$(#portaudio.include)" />
					<Add directory="$(#curl.include)" />
					<Add directory="$(#nmos.INCLUDE)" />
					<Add directory="$(#json.INCLUDE)" />
				</Compiler>
				<ResourceCompiler>
					<Add directory="$(#wx3_0.include)/mswu" />
					<Add directory="$(#wx3_0.include)" />
				</ResourceCompiler>
				<Linker>
					<Add option="-s" />
					<Add option="-Wl,--enable-auto-import,-Map=pam2.map" />
					<Add library="wxmsw30u_gcc_custom" />
					<Add library="portaudio" />
					<Add library="pambase" />
					<Add library="libcurl" />
					<Add library="Ws2_32" />
					<Add library="iphlpapi" />
					<Add directory="$(#wx3_0.lib)" />
					<Add directory="$(#portaudio.lib)" />
					<Add directory="$(#curl.lib)" />
					<Add directory="$(#nmos.LIB)" />
				</Linker>
				<ExtraCommands>
					<Add after="C:\developer\matt\pam2\manifest_creator\bin\Release\manifest_creator.exe" />
				</ExtraCommands>
			</Target>
			<Target title="Linux Release">
				<Option output="../bin/pam2" prefix_auto="1" extension_auto="1" />
				<Option type="0" />
				<Option compiler="gcc" />
				<Compiler>
					<Add option="-O3" />
					<Add option="`wx-config --cxxflags`" />
					<Add option="-fpermissive" />
					<Add option="-DwxUSE_UNICODE" />
					<Add option="-D__WXGNU__" />
					<Add directory="$(#nmos.include)" />
					<Add directory="$(#json.include)" />
				</Compiler>
				<Linker>
					<Add option="`wx-config --libs`" />
					<Add option="`pkg-config --libs avahi-client`" />
					<Add library="portaudio" />
					<Add library="pambase" />
					<Add library="curl" />
					<Add directory="$(#nmos.lib)" />
				</Linker>
				<ExtraCommands>
					<Add after="../manifest_creator/bin/LinuxRelease/manifest_creator" />
				</ExtraCommands>
			</Target>
			<Target title="Linux Debug">
				<Option output="bin/Linux Debug/pam2" prefix_auto="1" extension_auto="1" />
				<Option object_output=".objs/debug" />
				<Option type="0" />
				<Option compiler="gcc" />
				<Compiler>
					<Add option="-g" />
					<Add option="`wx-config --cxxflags`" />
					<Add option="-fpermissive" />
					<Add option="-DwxUSE_UNICODE" />
					<Add option="-D__WXGNU__" />
					<Add option="-DPAMBASE_DEBUG" />
					<Add option="-D__WXDEBUG__" />
					<Add directory="$(#nmos.include)" />
					<Add directory="$(#json.include)" />
				</Compiler>
				<Linker>
					<Add option="`wx-config --libs`" />
					<Add option="-Wl,-Map=pam2.map" />
					<Add option="`pkg-config --libs avahi-client`" />
					<Add library="portaudio" />
					<Add library="pambased" />
					<Add library="curl" />
					<Add directory="$(#nmos.lib)" />
				</Linker>
			</Target>
			<Target title="Linux Release+NMOS">
				<Option output="../bin/pam2" prefix_auto="1" extension_auto="1" />
				<Option object_output=".objs/nmos" />
				<Option type="0" />
				<Option compiler="gcc" />
				<Compiler>
					<Add option="-O3" />
					<Add option="`wx-config --cxxflags`" />
					<Add option="-fpermissive" />
					<Add option="-DwxUSE_UNICODE" />
					<Add option="-D__WXGNU__" />
					<Add option="-D__NMOS__" />
					<Add directory="$(#nmos.include)" />
					<Add directory="$(#json.include)" />
				</Compiler>
				<Linker>
					<Add option="`wx-config --libs`" />
					<Add option="`pkg-config --libs avahi-client`" />
					<Add library="portaudio" />
					<Add library="pambase" />
					<Add library="curl" />
					<Add library="nmos" />
					<Add directory="$(#nmos.lib)" />
				</Linker>
				<ExtraCommands>
					<Add after="../manifest_creator/bin/LinuxRelease/manifest_creator" />
				</ExtraCommands>
			</Target>
		</Build>
		<Compiler>
			<Add option="-Wall" />
			<Add option="-D_app_" />
			<Add option="-DNO_OPENSSL" />
			<Add directory="C:/wxWidgets-3.0.2/include" />
			<Add directory="../pambase" />
			<Add directory="$(#live_media.include)" />
			<Add directory="$(#live_group.include)" />
			<Add directory="$(#live_usage.include)" />
			<Add directory="$(#live_basicusage.include)" />
			<Add directory="./images" />
			<Add directory="../external/wxservdisc" />
		</Compiler>
		<ResourceCompiler>
			<Add directory="C:/wxWidgets-3.0.2/include" />
		</ResourceCompiler>
		<Linker>
			<Add directory="../lib" />
			<Add directory="$(#live_media.lib)" />
			<Add directory="$(#live_group.lib)" />
			<Add directory="$(#live_usage.lib)" />
			<Add directory="$(#live_basicusage.lib)" />
		</Linker>
		<Unit filename="dlgAoIP.cpp" />
		<Unit filename="dlgAoIP.h" />
		<Unit filename="dlgEditName.cpp" />
		<Unit filename="dlgEditName.h" />
		<Unit filename="dlgEngineering.cpp" />
		<Unit filename="dlgEngineering.h" />
		<Unit filename="dlgNoInput.cpp" />
		<Unit filename="dlgNoInput.h" />
		<Unit filename="dlgPin.cpp" />
		<Unit filename="dlgPin.h" />
		<Unit filename="dlgSequence.cpp" />
		<Unit filename="dlgSequence.h" />
		<Unit filename="dlgWiFi.cpp" />
		<Unit filename="dlgWiFi.h" />
		<Unit filename="dlgmask.cpp" />
		<Unit filename="dlgmask.h" />
		<Unit filename="logelement.cpp" />
		<Unit filename="logelement.h" />
		<Unit filename="networkcontrol.cpp" />
		<Unit filename="networkcontrol.h" />
		<Unit filename="nmos.cpp" />
		<Unit filename="nmos.h" />
		<Unit filename="pam2App.cpp" />
		<Unit filename="pam2App.h" />
		<Unit filename="pam2Main.cpp" />
		<Unit filename="pam2Main.h" />
		<Unit filename="pam2resource.rc">
			<Option compilerVar="WINDRES" />
			<Option target="&lt;{~None~}&gt;" />
		</Unit>
		<Unit filename="pnlAoIPSelection.cpp" />
		<Unit filename="pnlAoIPSelection.h" />
		<Unit filename="pnlHelp.cpp" />
		<Unit filename="pnlHelp.h" />
		<Unit filename="pnlLog.cpp" />
		<Unit filename="pnlLog.h" />
		<Unit filename="pnlLogControl.cpp" />
		<Unit filename="pnlLogControl.h" />
		<Unit filename="pnlNetworkSetup.cpp" />
		<Unit filename="pnlNetworkSetup.h" />
		<Unit filename="pnlRTP.cpp" />
		<Unit filename="pnlRTP.h" />
		<Unit filename="pnlSettings.cpp" />
		<Unit filename="pnlSettings.h" />
		<Unit filename="pnlSettingsGenerators.cpp" />
		<Unit filename="pnlSettingsGenerators.h" />
		<Unit filename="pnlSettingsNmos.cpp" />
		<Unit filename="pnlSettingsNmos.h" />
		<Unit filename="pnlSettingsOptions.cpp" />
		<Unit filename="pnlSettingsOptions.h" />
		<Unit filename="pnlSettingsPlugins.cpp" />
		<Unit filename="pnlSettingsPlugins.h" />
		<Unit filename="pnlSettingsProfiles.cpp" />
		<Unit filename="pnlSettingsProfiles.h" />
		<Unit filename="pnlTestOptions.cpp" />
		<Unit filename="pnlTestOptions.h" />
		<Unit filename="pnlTests.cpp" />
		<Unit filename="pnlTests.h" />
		<Unit filename="pnlUSB.cpp" />
		<Unit filename="pnlUSB.h" />
		<Unit filename="pnlUpdate.cpp" />
		<Unit filename="pnlUpdate.h" />
		<Unit filename="senderbuttonfactory.cpp" />
		<Unit filename="senderbuttonfactory.h" />
		<Unit filename="version.h" />
		<Unit filename="wxbitmappanel.h" />
		<Unit filename="wxclientapiposter.cpp" />
		<Unit filename="wxclientapiposter.h" />
		<Unit filename="wxdirtraverseusb.cpp" />
		<Unit filename="wxdirtraverseusb.h" />
		<Unit filename="wxeventposter.cpp" />
		<Unit filename="wxeventposter.h" />
		<Unit filename="wxlogoutput.cpp" />
		<Unit filename="wxlogoutput.h" />
		<Unit filename="wxnmosclientevent.h" />
		<Unit filename="wxpammclient.cpp" />
		<Unit filename="wxpammclient.h" />
		<Unit filename="wxpammconnection.cpp" />
		<Unit filename="wxpammconnection.h" />
		<Unit filename="wxsmith/dlgAoIP.wxs" />
		<Unit filename="wxsmith/dlgEditName.wxs" />
		<Unit filename="wxsmith/dlgEngineering.wxs" />
		<Unit filename="wxsmith/dlgMask.wxs" />
		<Unit filename="wxsmith/dlgPin.wxs" />
		<Unit filename="wxsmith/dlgSequence.wxs" />
		<Unit filename="wxsmith/pnlAoIPInfo.wxs" />
		<Unit filename="wxsmith/pnlAoIPSelection.wxs" />
		<Unit filename="wxsmith/pnlHelp.wxs" />
		<Unit filename="wxsmith/pnlLog.wxs" />
		<Unit filename="wxsmith/pnlLogControl.wxs" />
		<Unit filename="wxsmith/pnlSettingsGenerators.wxs" />
		<Unit filename="wxsmith/pnlSettingsNmos.wxs" />
		<Unit filename="wxsmith/pnlSettingsOptions.wxs" />
		<Unit filename="wxsmith/pnlSettingsPlugins.wxs" />
		<Unit filename="wxsmith/pnlSettingsProfiles.wxs" />
		<Unit filename="wxsmith/pnlTestOptions.wxs" />
		<Unit filename="wxsmith/pnlTests.wxs" />
		<Unit filename="wxsmith/pnlUSB.wxs" />
		<Unit filename="wxsmith/pnlUpdate.wxs" />
		<Extensions>
			<code_completion />
			<envvars />
			<debugger />
			<wxsmith version="1">
				<gui name="wxWidgets" src="pam2App.cpp" main="pam2Dialog" init_handlers="necessary" language="CPP" />
				<resources>
					<wxDialog wxs="wxsmith/pam2dialog.wxs" src="pam2Main.cpp" hdr="pam2Main.h" fwddecl="0" i18n="1" name="pam2Dialog" language="CPP" />
					<wxPanel wxs="wxsmith/pnlSettings.wxs" src="pnlSettings.cpp" hdr="pnlSettings.h" fwddecl="0" i18n="1" name="pnlSettings" language="CPP" />
					<wxPanel wxs="wxsmith/pnlRTP.wxs" src="pnlRTP.cpp" hdr="pnlRTP.h" fwddecl="0" i18n="1" name="pnlRTP" language="CPP" />
					<wxPanel wxs="wxsmith/pnlNetworkSetup.wxs" src="pnlNetworkSetup.cpp" hdr="pnlNetworkSetup.h" fwddecl="0" i18n="1" name="pnlNetworkSetup" language="CPP" />
					<wxPanel wxs="wxsmith/pnlSettingsOptions.wxs" src="pnlSettingsOptions.cpp" hdr="pnlSettingsOptions.h" fwddecl="0" i18n="1" name="pnlSettingsOptions" language="CPP" />
					<wxPanel wxs="wxsmith/pnlTests.wxs" src="pnlTests.cpp" hdr="pnlTests.h" fwddecl="0" i18n="1" name="pnlTests" language="CPP" />
					<wxPanel wxs="wxsmith/pnlAoIPInfo.wxs" src="pnlAoIPInfo.cpp" hdr="pnlAoIPInfo.h" fwddecl="0" i18n="1" name="pnlAoIPInfo" language="CPP" />
					<wxPanel wxs="wxsmith/pnlSettingsPlugins.wxs" src="pnlSettingsPlugins.cpp" hdr="pnlSettingsPlugins.h" fwddecl="0" i18n="1" name="pnlSettingsPlugins" language="CPP" />
					<wxPanel wxs="wxsmith/pnlLog.wxs" src="pnlLog.cpp" hdr="pnlLog.h" fwddecl="0" i18n="1" name="pnlLog" language="CPP" />
					<wxPanel wxs="wxsmith/pnlLogControl.wxs" src="pnlLogControl.cpp" hdr="pnlLogControl.h" fwddecl="0" i18n="1" name="pnlLogControl" language="CPP" />
					<wxDialog wxs="wxsmith/dlgMask.wxs" src="dlgmask.cpp" hdr="dlgmask.h" fwddecl="0" i18n="1" name="dlgMask" language="CPP" />
					<wxPanel wxs="wxsmith/pnlUpdate.wxs" src="pnlUpdate.cpp" hdr="pnlUpdate.h" fwddecl="0" i18n="1" name="pnlUpdate" language="CPP" />
					<wxDialog wxs="wxsmith/dlgHelp.wxs" src="dlgHelp.cpp" hdr="dlgHelp.h" fwddecl="0" i18n="1" name="dlgHelp" language="CPP" />
					<wxPanel wxs="wxsmith/pnlHelp.wxs" src="pnlHelp.cpp" hdr="pnlHelp.h" fwddecl="0" i18n="1" name="pnlHelp" language="CPP" />
					<wxDialog wxs="wxsmith/dlgSequence.wxs" src="dlgSequence.cpp" hdr="dlgSequence.h" fwddecl="0" i18n="1" name="dlgSequence" language="CPP" />
					<wxDialog wxs="wxsmith/dlgEditName.wxs" src="dlgEditName.cpp" hdr="dlgEditName.h" fwddecl="0" i18n="1" name="dlgEditName" language="CPP" />
					<wxPanel wxs="wxsmith/pnlTestOptions.wxs" src="pnlTestOptions.cpp" hdr="pnlTestOptions.h" fwddecl="0" i18n="1" name="pnlTestOptions" language="CPP" />
					<wxDialog wxs="wxsmith/dlgPin.wxs" src="dlgPin.cpp" hdr="dlgPin.h" fwddecl="0" i18n="1" name="dlgPin" language="CPP" />
					<wxDialog wxs="wxsmith/dlgNoInput.wxs" src="dlgNoInput.cpp" hdr="dlgNoInput.h" fwddecl="0" i18n="1" name="dlgNoInput" language="CPP" />
					<wxPanel wxs="wxsmith/pnlSettingsProfiles.wxs" src="pnlSettingsProfiles.cpp" hdr="pnlSettingsProfiles.h" fwddecl="0" i18n="1" name="pnlSettingsProfiles" language="CPP" />
					<wxPanel wxs="wxsmith/pnlSettingsGenerators.wxs" src="pnlSettingsGenerators.cpp" hdr="pnlSettingsGenerators.h" fwddecl="0" i18n="1" name="pnlSettingsGenerators" language="CPP" />
					<wxDialog wxs="wxsmith/dlgAoIP.wxs" src="dlgAoIP.cpp" hdr="dlgAoIP.h" fwddecl="0" i18n="1" name="dlgAoIP" language="CPP" />
					<wxPanel wxs="wxsmith/pnlSettingsNmos.wxs" src="pnlSettingsNmos.cpp" hdr="pnlSettingsNmos.h" fwddecl="0" i18n="1" name="pnlSettingsNmos" language="CPP" />
					<wxPanel wxs="wxsmith/pnlUSB.wxs" src="pnlUSB.cpp" hdr="pnlUSB.h" fwddecl="0" i18n="1" name="pnlUSB" language="CPP" />
					<wxPanel wxs="wxsmith/pnlAoIPSelection.wxs" src="pnlAoIPSelection.cpp" hdr="pnlAoIPSelection.h" fwddecl="0" i18n="1" name="pnlAoIPSelection" language="CPP" />
					<wxDialog wxs="wxsmith/dlgEngineering.wxs" src="dlgEngineering.cpp" hdr="dlgEngineering.h" fwddecl="0" i18n="1" name="dlgEngineering" language="CPP" />
				</resources>
			</wxsmith>
			<AutoVersioning>
				<Scheme minor_max="10" build_max="0" rev_max="0" rev_rand_max="10" build_times_to_increment_minor="100" />
				<Settings autoincrement="0" date_declarations="1" use_define="0" update_manifest="1" do_auto_increment="1" ask_to_increment="0" language="C++" svn="0" svn_directory="" header_path="version.h" />
				<Changes_Log show_changes_editor="1" app_title="released version %M.%m.%b of %p" changeslog_path="ChangesLog.txt" />
				<Code header_guard="VERSION_H" namespace="AutoVersion" prefix="" />
			</AutoVersioning>
		</Extensions>
	</Project>
</CodeBlocks_project_file>
