<?xml version="1.0" encoding="UTF-8" standalone="yes" ?>
<CodeBlocks_project_file>
	<FileVersion major="1" minor="6" />
	<Project>
		<Option title="Peak Log" />
		<Option pch_mode="2" />
		<Option compiler="gcc" />
		<Build>
			<Target title="Release">
				<Option output="../../lib/peaklog1.0.dll" prefix_auto="0" extension_auto="0" />
				<Option object_output="obj/release3" />
				<Option type="3" />
				<Option compiler="gcc" />
				<Compiler>
					<Add option="-O2" />
					<Add option="-Wall" />
					<Add option="-DWIN32" />
					<Add option="-D_USRDLL" />
					<Add option="-DDLL_EXPORTS" />
					<Add option="-D__WXMSW__" />
					<Add option="-DWXUSINGDLL" />
					<Add option="-DUNICODE" />
					<Add option="-DwxUSE_UNICODE" />
					<Add directory="$(#wx3_0.include)" />
					<Add directory="$(#wx3_0.include)/mswu" />
				</Compiler>
				<ResourceCompiler>
					<Add directory="$(#wx3_0.include)/mswu" />
				</ResourceCompiler>
				<Linker>
					<Add option="-s" />
					<Add option="-Wl,--enable-auto-import,-Map=peaklog.map" />
					<Add library="wxmsw30u_gcc_wammacs" />
					<Add library="pambase2.0" />
					<Add directory="$(#wx3_0.lib)" />
				</Linker>
			</Target>
			<Target title="Debug">
				<Option output="../../lib/debug/peaklog1.0.dll" prefix_auto="1" extension_auto="0" />
				<Option object_output="obj/debug" />
				<Option type="3" />
				<Option compiler="gcc" />
				<Compiler>
					<Add option="-Wall" />
					<Add option="-g" />
					<Add option="-DWIN32" />
					<Add option="-D_USRDLL" />
					<Add option="-DDLL_EXPORTS" />
					<Add option="-D__WXMSW__" />
					<Add option="-DWXUSINGDLL" />
					<Add option="-DUNICODE" />
					<Add option="-DwxUSE_UNICODE" />
					<Add option="-D__WXDEBUG__" />
					<Add directory="$(#wx3_0.include)" />
					<Add directory="$(#wx3_0.include)/mswu" />
				</Compiler>
				<ResourceCompiler>
					<Add directory="$(#wx3_0.include)/mswu" />
				</ResourceCompiler>
				<Linker>
					<Add option="-Wl,--enable-auto-import,-Map=peaklog.map" />
					<Add library="wxmsw30ud_gcc_wammacs" />
					<Add library="pambased2.0" />
					<Add directory="$(#wx3_0.lib)" />
				</Linker>
			</Target>
		</Build>
		<Compiler>
			<Add directory="../../pambase" />
			<Add directory="$(#kiss.include)" />
			<Add directory="$(#kiss.include)/tools" />
		</Compiler>
		<Linker>
			<Add directory="../../lib" />
		</Linker>
		<Unit filename="levelgraph.cpp" />
		<Unit filename="levelgraph.h" />
		<Unit filename="peaklog.cpp" />
		<Unit filename="peaklog.h" />
		<Unit filename="peaklogbuilder.cpp" />
		<Unit filename="peaklogbuilder.h" />
		<Unit filename="pnlPeakLog.cpp" />
		<Unit filename="pnlPeakLog.h" />
		<Unit filename="wxsmith/pnlPeakLog.wxs" />
		<Extensions>
			<code_completion />
			<envvars />
			<debugger />
			<AutoVersioning>
				<Scheme minor_max="10" build_max="0" rev_max="0" rev_rand_max="10" build_times_to_increment_minor="100" />
				<Settings autoincrement="1" date_declarations="1" use_define="0" update_manifest="0" do_auto_increment="0" ask_to_increment="0" language="C++" svn="0" svn_directory="" header_path="version.h" />
				<Changes_Log show_changes_editor="0" app_title="released version %M.%m.%b of %p" changeslog_path="ChangesLog.txt" />
				<Code header_guard="VERSION_H" namespace="AutoVersion" prefix="" />
			</AutoVersioning>
			<wxsmith version="1">
				<resources>
					<wxPanel wxs="wxsmith/pnlPeakLog.wxs" src="pnlPeakLog.cpp" hdr="pnlPeakLog.h" fwddecl="0" i18n="1" name="pnlPeakLog" language="CPP" />
				</resources>
			</wxsmith>
		</Extensions>
	</Project>
</CodeBlocks_project_file>
